
Microsoft Visual Studio Solution File, Format Version 12.00
# Visual Studio 14
VisualStudioVersion = 14.0.25420.1
MinimumVisualStudioVersion = 10.0.40219.1
Project("{FAE04EC0-301F-11D3-BF4B-00C04F79EFBC}") = "SOA_A5_Unit_Tests", "SOA_A5_Unit_Tests\SOA_A5_Unit_Tests.csproj", "{12CC326A-1538-42DB-BD63-5B591C6C352F}"
EndProject
Project("{FAE04EC0-301F-11D3-BF4B-00C04F79EFBC}") = "UnitTestsLibrary", "UnitTestsLibrary\UnitTestsLibrary.csproj", "{33EBA8DC-1748-4612-B743-3064C8670DEC}"
EndProject
Global
	GlobalSection(SolutionConfigurationPlatforms) = preSolution
		Debug|Any CPU = Debug|Any CPU
		Release|Any CPU = Release|Any CPU
	EndGlobalSection
	GlobalSection(ProjectConfigurationPlatforms) = postSolution
		{12CC326A-1538-42DB-BD63-5B591C6C352F}.Debug|Any CPU.ActiveCfg = Debug|Any CPU
		{12CC326A-1538-42DB-BD63-5B591C6C352F}.Debug|Any CPU.Build.0 = Debug|Any CPU
		{12CC326A-1538-42DB-BD63-5B591C6C352F}.Release|Any CPU.ActiveCfg = Release|Any CPU
		{12CC326A-1538-42DB-BD63-5B591C6C352F}.Release|Any CPU.Build.0 = Release|Any CPU
		{33EBA8DC-1748-4612-B743-3064C8670DEC}.Debug|Any CPU.ActiveCfg = Debug|Any CPU
		{33EBA8DC-1748-4612-B743-3064C8670DEC}.Debug|Any CPU.Build.0 = Debug|Any CPU
		{33EBA8DC-1748-4612-B743-3064C8670DEC}.Release|Any CPU.ActiveCfg = Release|Any CPU
		{33EBA8DC-1748-4612-B743-3064C8670DEC}.Release|Any CPU.Build.0 = Release|Any CPU
	EndGlobalSection
	GlobalSection(SolutionProperties) = preSolution
		HideSolutionNode = FALSE
	EndGlobalSection
EndGlobal
